NeoBundleLock YCM-Generator 1df64d9aee0816bbc13e80bc61801c1a67a22659
NeoBundleLock YouCompleteMe 295769ccfd304246c1fae847416a2a15771f7d98
NeoBundleLock badwolf e6fdf1844ac7fe9f479f93846081f9294eb992c0
NeoBundleLock ctrlp.vim b5d3fe66a58a13d2ff8b6391f4387608496a030f
NeoBundleLock neobundle.vim 9a69b56f24f31cc4e4592f44f03d2fdb8dea92b3
NeoBundleLock nerdtree af85499edace2acca27ce41790ac333f62b689bb
NeoBundleLock vim-airline f45ecdac15d99ed2354873a8b4d40432fd0a85a3
NeoBundleLock vim-cpp-enhanced-highlight 35a8a229f5d8b2b4547c38cd78b90dc30bbb90c2
